
Microsoft Visual Studio Solution File, Format Version 12.00
# Visual Studio 15
VisualStudioVersion = 15.0.28307.572
MinimumVisualStudioVersion = 10.0.40219.1
Project("{8BC9CEB8-8B4A-11D0-8D11-00A0C91BC942}") = "ML_3D", "ML_3D\ML_3D.vcxproj", "{60D4942D-0680-4110-B205-9319636C9C24}"
EndProject
Global
	GlobalSection(SolutionConfigurationPlatforms) = preSolution
		Debug|x64 = Debug|x64
		Debug|x86 = Debug|x86
		Release|x64 = Release|x64
		Release|x86 = Release|x86
	EndGlobalSection
	GlobalSection(ProjectConfigurationPlatforms) = postSolution
		{60D4942D-0680-4110-B205-9319636C9C24}.Debug|x64.ActiveCfg = Debug|x64
		{60D4942D-0680-4110-B205-9319636C9C24}.Debug|x64.Build.0 = Debug|x64
		{60D4942D-0680-4110-B205-9319636C9C24}.Debug|x86.ActiveCfg = Debug|Win32
		{60D4942D-0680-4110-B205-9319636C9C24}.Debug|x86.Build.0 = Debug|Win32
		{60D4942D-0680-4110-B205-9319636C9C24}.Release|x64.ActiveCfg = Release|x64
		{60D4942D-0680-4110-B205-9319636C9C24}.Release|x64.Build.0 = Release|x64
		{60D4942D-0680-4110-B205-9319636C9C24}.Release|x86.ActiveCfg = Release|Win32
		{60D4942D-0680-4110-B205-9319636C9C24}.Release|x86.Build.0 = Release|Win32
	EndGlobalSection
	GlobalSection(SolutionProperties) = preSolution
		HideSolutionNode = FALSE
	EndGlobalSection
	GlobalSection(ExtensibilityGlobals) = postSolution
		SolutionGuid = {C25B48B0-CB76-41D3-BB9B-0CF7FD332E92}
	EndGlobalSection
EndGlobal
