<?xml version="1.0" encoding="utf-8"?>
<Project ToolsVersion="4.0" xmlns="http://schemas.microsoft.com/developer/msbuild/2003">
  <ItemGroup>
    <Filter Include="Source Files">
      <UniqueIdentifier>{4FC737F1-C7A5-4376-A066-2A32D752A2FF}</UniqueIdentifier>
      <Extensions>cpp;c;cc;cxx;def;odl;idl;hpj;bat;asm;asmx</Extensions>
    </Filter>
    <Filter Include="Header Files">
      <UniqueIdentifier>{93995380-89BD-4b04-88EB-625FBE52EBFB}</UniqueIdentifier>
      <Extensions>h;hh;hpp;hxx;hm;inl;inc;ipp;xsd</Extensions>
    </Filter>
    <Filter Include="Resource Files">
      <UniqueIdentifier>{67DA6AB6-F800-4c08-8B7A-83BB121AAD01}</UniqueIdentifier>
      <Extensions>rc;ico;cur;bmp;dlg;rc2;rct;bin;rgs;gif;jpg;jpeg;jpe;resx;tiff;tif;png;wav;mfcribbon-ms</Extensions>
    </Filter>
    <Filter Include="Windows">
      <UniqueIdentifier>{dab3f8ba-8b48-442a-b736-eb54e45a3b57}</UniqueIdentifier>
    </Filter>
    <Filter Include="Renderers">
      <UniqueIdentifier>{1cac9912-a2cb-48fa-93c4-80b638fd67bf}</UniqueIdentifier>
    </Filter>
    <Filter Include="Debug">
      <UniqueIdentifier>{c5b797d5-f58b-461b-a4ab-edf4809b834f}</UniqueIdentifier>
    </Filter>
  </ItemGroup>
  <ItemGroup>
    <ClCompile Include="Main.cpp">
      <Filter>Source Files</Filter>
    </ClCompile>
    <ClCompile Include="FILEIO.cpp">
      <Filter>Source Files</Filter>
    </ClCompile>
    <ClCompile Include="Engine.cpp">
      <Filter>Source Files</Filter>
    </ClCompile>
    <ClCompile Include="glad.c">
      <Filter>Source Files</Filter>
    </ClCompile>
    <ClCompile Include="MainWindow.cpp">
      <Filter>Windows</Filter>
    </ClCompile>
    <ClCompile Include="WindowAnimation.cpp">
      <Filter>Windows</Filter>
    </ClCompile>
    <ClCompile Include="WindowConsole.cpp">
      <Filter>Windows</Filter>
    </ClCompile>
    <ClCompile Include="WindowGame.cpp">
      <Filter>Windows</Filter>
    </ClCompile>
    <ClCompile Include="WindowHierarchy.cpp">
      <Filter>Windows</Filter>
    </ClCompile>
    <ClCompile Include="WindowLighting.cpp">
      <Filter>Windows</Filter>
    </ClCompile>
    <ClCompile Include="WindowProfiler.cpp">
      <Filter>Windows</Filter>
    </ClCompile>
    <ClCompile Include="WindowProject.cpp">
      <Filter>Windows</Filter>
    </ClCompile>
    <ClCompile Include="WindowProperties.cpp">
      <Filter>Windows</Filter>
    </ClCompile>
    <ClCompile Include="WindowScene.cpp">
      <Filter>Windows</Filter>
    </ClCompile>
    <ClCompile Include="RendererD3D.cpp">
      <Filter>Renderers</Filter>
    </ClCompile>
    <ClCompile Include="Renderer.cpp">
      <Filter>Renderers</Filter>
    </ClCompile>
    <ClCompile Include="RendererOGL.cpp">
      <Filter>Renderers</Filter>
    </ClCompile>
    <ClCompile Include="WindowMessenger.cpp">
      <Filter>Windows</Filter>
    </ClCompile>
    <ClCompile Include="EngineDebugger.cpp">
      <Filter>Debug</Filter>
    </ClCompile>
  </ItemGroup>
  <ItemGroup>
    <ClInclude Include="resource.h">
      <Filter>Header Files</Filter>
    </ClInclude>
    <ClInclude Include="FILEIO.h">
      <Filter>Header Files</Filter>
    </ClInclude>
    <ClInclude Include="Element.h">
      <Filter>Header Files</Filter>
    </ClInclude>
    <ClInclude Include="Engine.h">
      <Filter>Header Files</Filter>
    </ClInclude>
    <ClInclude Include="Control.h">
      <Filter>Windows</Filter>
    </ClInclude>
    <ClInclude Include="ControlStatusbar.h">
      <Filter>Windows</Filter>
    </ClInclude>
    <ClInclude Include="ControlTab.h">
      <Filter>Windows</Filter>
    </ClInclude>
    <ClInclude Include="ControlToolbar.h">
      <Filter>Windows</Filter>
    </ClInclude>
    <ClInclude Include="SubWindow.h">
      <Filter>Windows</Filter>
    </ClInclude>
    <ClInclude Include="WindowAnimation.h">
      <Filter>Windows</Filter>
    </ClInclude>
    <ClInclude Include="WindowConsole.h">
      <Filter>Windows</Filter>
    </ClInclude>
    <ClInclude Include="WindowGame.h">
      <Filter>Windows</Filter>
    </ClInclude>
    <ClInclude Include="WindowHierarchy.h">
      <Filter>Windows</Filter>
    </ClInclude>
    <ClInclude Include="WindowLighting.h">
      <Filter>Windows</Filter>
    </ClInclude>
    <ClInclude Include="WindowProfiler.h">
      <Filter>Windows</Filter>
    </ClInclude>
    <ClInclude Include="WindowProject.h">
      <Filter>Windows</Filter>
    </ClInclude>
    <ClInclude Include="WindowProperties.h">
      <Filter>Windows</Filter>
    </ClInclude>
    <ClInclude Include="WindowScene.h">
      <Filter>Windows</Filter>
    </ClInclude>
    <ClInclude Include="MDIWindow.h">
      <Filter>Windows</Filter>
    </ClInclude>
    <ClInclude Include="MainWindow.h">
      <Filter>Windows</Filter>
    </ClInclude>
    <ClInclude Include="RendererD3D.h">
      <Filter>Renderers</Filter>
    </ClInclude>
    <ClInclude Include="RendererOGL.h">
      <Filter>Renderers</Filter>
    </ClInclude>
    <ClInclude Include="Renderer.h">
      <Filter>Renderers</Filter>
    </ClInclude>
    <ClInclude Include="WindowMessengerBase.h">
      <Filter>Windows</Filter>
    </ClInclude>
    <ClInclude Include="WindowMessenger.h">
      <Filter>Windows</Filter>
    </ClInclude>
    <ClInclude Include="ErrorHandler.h">
      <Filter>Debug</Filter>
    </ClInclude>
    <ClInclude Include="EngineDebugger.h">
      <Filter>Debug</Filter>
    </ClInclude>
    <ClInclude Include="TranslateWinMsgs.h">
      <Filter>Debug</Filter>
    </ClInclude>
  </ItemGroup>
  <ItemGroup>
    <ResourceCompile Include="ML_3D.rc">
      <Filter>Resource Files</Filter>
    </ResourceCompile>
  </ItemGroup>
  <ItemGroup>
    <Image Include="Images\ml_3d.ico">
      <Filter>Resource Files</Filter>
    </Image>
    <Image Include="Images\ML_3D.png">
      <Filter>Resource Files</Filter>
    </Image>
  </ItemGroup>
</Project>