<?xml version="1.0" encoding="utf-8"?>
<Project ToolsVersion="4.0" xmlns="http://schemas.microsoft.com/developer/msbuild/2003">
  <ItemGroup>
    <Filter Include="Resource Files">
      <UniqueIdentifier>{67DA6AB6-F800-4c08-8B7A-83BB121AAD01}</UniqueIdentifier>
      <Extensions>rc;ico;cur;bmp;dlg;rc2;rct;bin;rgs;gif;jpg;jpeg;jpe;resx;tiff;tif;png;wav;mfcribbon-ms</Extensions>
    </Filter>
    <Filter Include="Engine">
      <UniqueIdentifier>{90a81a1a-4834-4b1e-8dee-ae1bc1029b02}</UniqueIdentifier>
    </Filter>
    <Filter Include="Engine\Utility">
      <UniqueIdentifier>{359129ea-53a3-4fbc-b855-e931b179f80e}</UniqueIdentifier>
    </Filter>
    <Filter Include="Engine\AppMode">
      <UniqueIdentifier>{8ef979f7-d86b-4e3f-a4e8-7404d024d4a3}</UniqueIdentifier>
    </Filter>
    <Filter Include="Engine\AppMode\Game">
      <UniqueIdentifier>{74f53247-696e-4d39-96c1-525ebf026647}</UniqueIdentifier>
    </Filter>
    <Filter Include="Engine\AppMode\Game\Windows">
      <UniqueIdentifier>{e652a8f6-6cd2-439c-b966-6e29a7ef2620}</UniqueIdentifier>
    </Filter>
    <Filter Include="Engine\AppMode\Editor">
      <UniqueIdentifier>{3e61e899-6964-4d05-aff1-546ec836f264}</UniqueIdentifier>
    </Filter>
    <Filter Include="Engine\AppMode\Editor\Windows">
      <UniqueIdentifier>{dab3f8ba-8b48-442a-b736-eb54e45a3b57}</UniqueIdentifier>
    </Filter>
    <Filter Include="Engine\AppMode\Editor\Controls">
      <UniqueIdentifier>{fa3f3bce-59c2-47b7-8b72-3a4ebe5d6fb3}</UniqueIdentifier>
    </Filter>
    <Filter Include="Engine\RenderEngine">
      <UniqueIdentifier>{1cac9912-a2cb-48fa-93c4-80b638fd67bf}</UniqueIdentifier>
    </Filter>
    <Filter Include="Engine\RenderEngine\Shaders">
      <UniqueIdentifier>{e44f8881-bfe6-413e-b35b-9cb52904d31c}</UniqueIdentifier>
    </Filter>
    <Filter Include="Engine\Utility\Input">
      <UniqueIdentifier>{48c9362c-931e-4312-8bfc-aa9de508ed36}</UniqueIdentifier>
    </Filter>
  </ItemGroup>
  <ItemGroup>
    <ClCompile Include="WindowAnimation.cpp">
      <Filter>Engine\AppMode\Editor\Windows</Filter>
    </ClCompile>
    <ClCompile Include="WindowConsole.cpp">
      <Filter>Engine\AppMode\Editor\Windows</Filter>
    </ClCompile>
    <ClCompile Include="WindowGame.cpp">
      <Filter>Engine\AppMode\Editor\Windows</Filter>
    </ClCompile>
    <ClCompile Include="WindowHierarchy.cpp">
      <Filter>Engine\AppMode\Editor\Windows</Filter>
    </ClCompile>
    <ClCompile Include="WindowLighting.cpp">
      <Filter>Engine\AppMode\Editor\Windows</Filter>
    </ClCompile>
    <ClCompile Include="WindowProfiler.cpp">
      <Filter>Engine\AppMode\Editor\Windows</Filter>
    </ClCompile>
    <ClCompile Include="WindowProject.cpp">
      <Filter>Engine\AppMode\Editor\Windows</Filter>
    </ClCompile>
    <ClCompile Include="WindowProperties.cpp">
      <Filter>Engine\AppMode\Editor\Windows</Filter>
    </ClCompile>
    <ClCompile Include="WindowScene.cpp">
      <Filter>Engine\AppMode\Editor\Windows</Filter>
    </ClCompile>
    <ClCompile Include="glad.c">
      <Filter>Engine\RenderEngine</Filter>
    </ClCompile>
    <ClCompile Include="Editor.cpp">
      <Filter>Engine\AppMode\Editor</Filter>
    </ClCompile>
    <ClCompile Include="Game.cpp">
      <Filter>Engine\AppMode\Game</Filter>
    </ClCompile>
    <ClCompile Include="WindowEditor.cpp">
      <Filter>Engine\AppMode\Editor\Windows</Filter>
    </ClCompile>
    <ClCompile Include="WindowMain.cpp">
      <Filter>Engine\AppMode\Game\Windows</Filter>
    </ClCompile>
    <ClCompile Include="GraphicsD3D.cpp">
      <Filter>Engine\RenderEngine</Filter>
    </ClCompile>
    <ClCompile Include="GraphicsOpenGL.cpp">
      <Filter>Engine\RenderEngine</Filter>
    </ClCompile>
    <ClCompile Include="RenderEngine.cpp">
      <Filter>Engine\RenderEngine</Filter>
    </ClCompile>
    <ClCompile Include="Camera.cpp">
      <Filter>Engine\RenderEngine</Filter>
    </ClCompile>
    <ClCompile Include="Engine.cpp">
      <Filter>Engine</Filter>
    </ClCompile>
    <ClCompile Include="Global.cpp">
      <Filter>Engine\Utility</Filter>
    </ClCompile>
    <ClCompile Include="Model.cpp">
      <Filter>Engine\RenderEngine</Filter>
    </ClCompile>
    <ClCompile Include="Light.cpp">
      <Filter>Engine\RenderEngine</Filter>
    </ClCompile>
    <ClCompile Include="Texture.cpp">
      <Filter>Engine\RenderEngine</Filter>
    </ClCompile>
    <ClCompile Include="LoadOBJ.cpp">
      <Filter>Engine\Utility</Filter>
    </ClCompile>
    <ClCompile Include="ColorShader.cpp">
      <Filter>Engine\RenderEngine\Shaders</Filter>
    </ClCompile>
    <ClCompile Include="LightShader.cpp">
      <Filter>Engine\RenderEngine\Shaders</Filter>
    </ClCompile>
    <ClCompile Include="TextureShader.cpp">
      <Filter>Engine\RenderEngine\Shaders</Filter>
    </ClCompile>
    <ClCompile Include="Bitmap.cpp">
      <Filter>Engine\RenderEngine</Filter>
    </ClCompile>
    <ClCompile Include="Font.cpp">
      <Filter>Engine\RenderEngine</Filter>
    </ClCompile>
    <ClCompile Include="FontShader.cpp">
      <Filter>Engine\RenderEngine</Filter>
    </ClCompile>
    <ClCompile Include="Text.cpp">
      <Filter>Engine\RenderEngine</Filter>
    </ClCompile>
    <ClCompile Include="Source.cpp" />
    <ClCompile Include="DDSTextureLoader.cpp">
      <Filter>Engine\RenderEngine</Filter>
    </ClCompile>
    <ClCompile Include="WICTextureLoader.cpp">
      <Filter>Engine\RenderEngine</Filter>
    </ClCompile>
    <ClCompile Include="Input.cpp">
      <Filter>Engine\Utility\Input</Filter>
    </ClCompile>
    <ClCompile Include="Keyboard.cpp">
      <Filter>Engine\Utility\Input</Filter>
    </ClCompile>
    <ClCompile Include="Mouse.cpp">
      <Filter>Engine\Utility\Input</Filter>
    </ClCompile>
  </ItemGroup>
  <ItemGroup>
    <ClInclude Include="SubWindow.h">
      <Filter>Engine\AppMode\Editor\Windows</Filter>
    </ClInclude>
    <ClInclude Include="WindowAnimation.h">
      <Filter>Engine\AppMode\Editor\Windows</Filter>
    </ClInclude>
    <ClInclude Include="WindowConsole.h">
      <Filter>Engine\AppMode\Editor\Windows</Filter>
    </ClInclude>
    <ClInclude Include="WindowGame.h">
      <Filter>Engine\AppMode\Editor\Windows</Filter>
    </ClInclude>
    <ClInclude Include="WindowHierarchy.h">
      <Filter>Engine\AppMode\Editor\Windows</Filter>
    </ClInclude>
    <ClInclude Include="WindowLighting.h">
      <Filter>Engine\AppMode\Editor\Windows</Filter>
    </ClInclude>
    <ClInclude Include="WindowProfiler.h">
      <Filter>Engine\AppMode\Editor\Windows</Filter>
    </ClInclude>
    <ClInclude Include="WindowProject.h">
      <Filter>Engine\AppMode\Editor\Windows</Filter>
    </ClInclude>
    <ClInclude Include="WindowProperties.h">
      <Filter>Engine\AppMode\Editor\Windows</Filter>
    </ClInclude>
    <ClInclude Include="WindowScene.h">
      <Filter>Engine\AppMode\Editor\Windows</Filter>
    </ClInclude>
    <ClInclude Include="MDIWindow.h">
      <Filter>Engine\AppMode\Editor\Windows</Filter>
    </ClInclude>
    <ClInclude Include="ReportMessage.h">
      <Filter>Engine\Utility</Filter>
    </ClInclude>
    <ClInclude Include="Control.h">
      <Filter>Engine\AppMode\Editor\Controls</Filter>
    </ClInclude>
    <ClInclude Include="ControlStatusbar.h">
      <Filter>Engine\AppMode\Editor\Controls</Filter>
    </ClInclude>
    <ClInclude Include="ControlTab.h">
      <Filter>Engine\AppMode\Editor\Controls</Filter>
    </ClInclude>
    <ClInclude Include="ControlToolbar.h">
      <Filter>Engine\AppMode\Editor\Controls</Filter>
    </ClInclude>
    <ClInclude Include="TranslateWinMsgs.h">
      <Filter>Engine\AppMode\Editor\Windows</Filter>
    </ClInclude>
    <ClInclude Include="Editor.h">
      <Filter>Engine\AppMode\Editor</Filter>
    </ClInclude>
    <ClInclude Include="StepTimer.h">
      <Filter>Engine\Utility</Filter>
    </ClInclude>
    <ClInclude Include="Game.h">
      <Filter>Engine\AppMode\Game</Filter>
    </ClInclude>
    <ClInclude Include="WindowEditor.h">
      <Filter>Engine\AppMode\Editor\Windows</Filter>
    </ClInclude>
    <ClInclude Include="WindowBase.h">
      <Filter>Engine\AppMode\Game\Windows</Filter>
    </ClInclude>
    <ClInclude Include="WindowMain.h">
      <Filter>Engine\AppMode\Game\Windows</Filter>
    </ClInclude>
    <ClInclude Include="RenderEngine.h">
      <Filter>Engine\RenderEngine</Filter>
    </ClInclude>
    <ClInclude Include="GraphicsAPI.h">
      <Filter>Engine\RenderEngine</Filter>
    </ClInclude>
    <ClInclude Include="GraphicsD3D.h">
      <Filter>Engine\RenderEngine</Filter>
    </ClInclude>
    <ClInclude Include="GraphicsOpenGL.h">
      <Filter>Engine\RenderEngine</Filter>
    </ClInclude>
    <ClInclude Include="AppMode.h">
      <Filter>Engine\AppMode</Filter>
    </ClInclude>
    <ClInclude Include="Camera.h">
      <Filter>Engine\RenderEngine</Filter>
    </ClInclude>
    <ClInclude Include="Engine.h">
      <Filter>Engine</Filter>
    </ClInclude>
    <ClInclude Include="Global.h">
      <Filter>Engine\Utility</Filter>
    </ClInclude>
    <ClInclude Include="resource.h">
      <Filter>Resource Files</Filter>
    </ClInclude>
    <ClInclude Include="Model.h">
      <Filter>Engine\RenderEngine</Filter>
    </ClInclude>
    <ClInclude Include="Light.h">
      <Filter>Engine\RenderEngine</Filter>
    </ClInclude>
    <ClInclude Include="Texture.h">
      <Filter>Engine\RenderEngine</Filter>
    </ClInclude>
    <ClInclude Include="LoadOBJ.h">
      <Filter>Engine\Utility</Filter>
    </ClInclude>
    <ClInclude Include="ColorShader.h">
      <Filter>Engine\RenderEngine\Shaders</Filter>
    </ClInclude>
    <ClInclude Include="LightShader.h">
      <Filter>Engine\RenderEngine\Shaders</Filter>
    </ClInclude>
    <ClInclude Include="TextureShader.h">
      <Filter>Engine\RenderEngine\Shaders</Filter>
    </ClInclude>
    <ClInclude Include="Bitmap.h">
      <Filter>Engine\RenderEngine</Filter>
    </ClInclude>
    <ClInclude Include="Font.h">
      <Filter>Engine\RenderEngine</Filter>
    </ClInclude>
    <ClInclude Include="FontShader.h">
      <Filter>Engine\RenderEngine</Filter>
    </ClInclude>
    <ClInclude Include="Text.h">
      <Filter>Engine\RenderEngine</Filter>
    </ClInclude>
    <ClInclude Include="DDSTextureLoader.h">
      <Filter>Engine\RenderEngine</Filter>
    </ClInclude>
    <ClInclude Include="WICTextureLoader.h">
      <Filter>Engine\RenderEngine</Filter>
    </ClInclude>
    <ClInclude Include="Input.h">
      <Filter>Engine\Utility\Input</Filter>
    </ClInclude>
    <ClInclude Include="Keyboard.h">
      <Filter>Engine\Utility\Input</Filter>
    </ClInclude>
    <ClInclude Include="Mouse.h">
      <Filter>Engine\Utility\Input</Filter>
    </ClInclude>
    <ClInclude Include="BitManipulation.h">
      <Filter>Engine\Utility</Filter>
    </ClInclude>
  </ItemGroup>
  <ItemGroup>
    <ResourceCompile Include="ML_3D.rc">
      <Filter>Resource Files</Filter>
    </ResourceCompile>
  </ItemGroup>
  <ItemGroup>
    <Image Include="Images\ml_3d.ico">
      <Filter>Resource Files</Filter>
    </Image>
    <Image Include="Images\ML_3D.png">
      <Filter>Resource Files</Filter>
    </Image>
    <Image Include="earth.bmp">
      <Filter>Resource Files</Filter>
    </Image>
    <Image Include="seafloor.dds">
      <Filter>Resource Files</Filter>
    </Image>
  </ItemGroup>
  <ItemGroup>
    <None Include="color.vs">
      <Filter>Engine\RenderEngine\Shaders</Filter>
    </None>
    <None Include="texture.vs">
      <Filter>Engine\RenderEngine\Shaders</Filter>
    </None>
    <None Include="texture.fs">
      <Filter>Engine\RenderEngine\Shaders</Filter>
    </None>
    <None Include="light.vs">
      <Filter>Engine\RenderEngine\Shaders</Filter>
    </None>
    <None Include="light.fs">
      <Filter>Engine\RenderEngine\Shaders</Filter>
    </None>
    <None Include="color.fs">
      <Filter>Engine\RenderEngine\Shaders</Filter>
    </None>
    <None Include="font.vs">
      <Filter>Engine\RenderEngine\Shaders</Filter>
    </None>
    <None Include="font.fs">
      <Filter>Engine\RenderEngine\Shaders</Filter>
    </None>
  </ItemGroup>
</Project>