<?xml version="1.0" encoding="utf-8"?>
<Project ToolsVersion="4.0" xmlns="http://schemas.microsoft.com/developer/msbuild/2003">
  <ItemGroup>
    <Filter Include="Debug">
      <UniqueIdentifier>{b82783ce-88a2-43bf-9f8e-329aaf7026ab}</UniqueIdentifier>
    </Filter>
    <Filter Include="Gateware">
      <UniqueIdentifier>{673dc10b-1e0f-489a-9a85-962b5d505ab5}</UniqueIdentifier>
    </Filter>
  </ItemGroup>
  <ItemGroup>
    <ClInclude Include="Debug.h">
      <Filter>Debug</Filter>
    </ClInclude>
    <ClInclude Include="Gateware_v6_5_A\GDirectX11Surface.h">
      <Filter>Gateware</Filter>
    </ClInclude>
    <ClInclude Include="Gateware_v6_5_A\GInput.h">
      <Filter>Gateware</Filter>
    </ClInclude>
    <ClInclude Include="Gateware_v6_5_A\GMathDefines.h">
      <Filter>Gateware</Filter>
    </ClInclude>
    <ClInclude Include="Gateware_v6_5_A\GMatrix.h">
      <Filter>Gateware</Filter>
    </ClInclude>
    <ClInclude Include="Gateware_v6_5_A\GOpenGLSurface.h">
      <Filter>Gateware</Filter>
    </ClInclude>
    <ClInclude Include="Gateware_v6_5_A\GQuaternion.h">
      <Filter>Gateware</Filter>
    </ClInclude>
    <ClInclude Include="Gateware_v6_5_A\GVector.h">
      <Filter>Gateware</Filter>
    </ClInclude>
    <ClInclude Include="Gateware_v6_5_A\GWindow.h">
      <Filter>Gateware</Filter>
    </ClInclude>
  </ItemGroup>
  <ItemGroup>
    <ClCompile Include="Debug.cpp">
      <Filter>Debug</Filter>
    </ClCompile>
    <ClCompile Include="Gateware_v6_5_A\GDirectX11Surface.cpp">
      <Filter>Gateware</Filter>
    </ClCompile>
    <ClCompile Include="Gateware_v6_5_A\GInput.cpp">
      <Filter>Gateware</Filter>
    </ClCompile>
    <ClCompile Include="Gateware_v6_5_A\GMatrix.cpp">
      <Filter>Gateware</Filter>
    </ClCompile>
    <ClCompile Include="Gateware_v6_5_A\GOpenGLSurface.cpp">
      <Filter>Gateware</Filter>
    </ClCompile>
    <ClCompile Include="Gateware_v6_5_A\GQuaternion.cpp">
      <Filter>Gateware</Filter>
    </ClCompile>
    <ClCompile Include="Gateware_v6_5_A\GVector.cpp">
      <Filter>Gateware</Filter>
    </ClCompile>
    <ClCompile Include="Gateware_v6_5_A\GWindow.cpp">
      <Filter>Gateware</Filter>
    </ClCompile>
  </ItemGroup>
</Project>